
Microsoft Visual Studio Solution File, Format Version 12.00
# Visual Studio 2013
VisualStudioVersion = 12.0.30723.0
MinimumVisualStudioVersion = 10.0.40219.1
Project("{FAE04EC0-301F-11D3-BF4B-00C04F79EFBC}") = "Theatre", "Theatre\Theatre.csproj", "{76F740B6-BFB1-4149-AC70-970DF8BEC1DA}"
EndProject
Project("{FAE04EC0-301F-11D3-BF4B-00C04F79EFBC}") = "Theatre.Tests", "Theatre.Tests\Theatre.Tests.csproj", "{2DD5C555-CF91-4E02-9B31-6A97AC0087B1}"
EndProject
Global
	GlobalSection(SolutionConfigurationPlatforms) = preSolution
		Debug|Any CPU = Debug|Any CPU
		Release|Any CPU = Release|Any CPU
	EndGlobalSection
	GlobalSection(ProjectConfigurationPlatforms) = postSolution
		{76F740B6-BFB1-4149-AC70-970DF8BEC1DA}.Debug|Any CPU.ActiveCfg = Debug|Any CPU
		{76F740B6-BFB1-4149-AC70-970DF8BEC1DA}.Debug|Any CPU.Build.0 = Debug|Any CPU
		{76F740B6-BFB1-4149-AC70-970DF8BEC1DA}.Release|Any CPU.ActiveCfg = Release|Any CPU
		{76F740B6-BFB1-4149-AC70-970DF8BEC1DA}.Release|Any CPU.Build.0 = Release|Any CPU
		{2DD5C555-CF91-4E02-9B31-6A97AC0087B1}.Debug|Any CPU.ActiveCfg = Debug|Any CPU
		{2DD5C555-CF91-4E02-9B31-6A97AC0087B1}.Debug|Any CPU.Build.0 = Debug|Any CPU
		{2DD5C555-CF91-4E02-9B31-6A97AC0087B1}.Release|Any CPU.ActiveCfg = Release|Any CPU
		{2DD5C555-CF91-4E02-9B31-6A97AC0087B1}.Release|Any CPU.Build.0 = Release|Any CPU
	EndGlobalSection
	GlobalSection(SolutionProperties) = preSolution
		HideSolutionNode = FALSE
	EndGlobalSection
EndGlobal
